
Microsoft Visual Studio Solution File, Format Version 12.00
# Visual Studio 15
VisualStudioVersion = 15.0.27130.0
MinimumVisualStudioVersion = 10.0.40219.1
Project("{FAE04EC0-301F-11D3-BF4B-00C04F79EFBC}") = "VsdConverter", "VsdConverter\VsdConverter.csproj", "{61D7B18D-2DBB-411F-8854-7EAB3C226C37}"
EndProject
Global
	GlobalSection(SolutionConfigurationPlatforms) = preSolution
		Debug|Any CPU = Debug|Any CPU
		Debug|x64 = Debug|x64
		Release|Any CPU = Release|Any CPU
		Release|x64 = Release|x64
	EndGlobalSection
	GlobalSection(ProjectConfigurationPlatforms) = postSolution
		{61D7B18D-2DBB-411F-8854-7EAB3C226C37}.Debug|Any CPU.ActiveCfg = Debug|Any CPU
		{61D7B18D-2DBB-411F-8854-7EAB3C226C37}.Debug|Any CPU.Build.0 = Debug|Any CPU
		{61D7B18D-2DBB-411F-8854-7EAB3C226C37}.Debug|x64.ActiveCfg = Debug|x64
		{61D7B18D-2DBB-411F-8854-7EAB3C226C37}.Debug|x64.Build.0 = Debug|x64
		{61D7B18D-2DBB-411F-8854-7EAB3C226C37}.Release|Any CPU.ActiveCfg = Release|Any CPU
		{61D7B18D-2DBB-411F-8854-7EAB3C226C37}.Release|Any CPU.Build.0 = Release|Any CPU
		{61D7B18D-2DBB-411F-8854-7EAB3C226C37}.Release|x64.ActiveCfg = Release|x64
		{61D7B18D-2DBB-411F-8854-7EAB3C226C37}.Release|x64.Build.0 = Release|x64
	EndGlobalSection
	GlobalSection(SolutionProperties) = preSolution
		HideSolutionNode = FALSE
	EndGlobalSection
	GlobalSection(ExtensibilityGlobals) = postSolution
		SolutionGuid = {D52B51F9-7EF9-477D-8D0D-AC0F20AA9F99}
	EndGlobalSection
EndGlobal
