
Microsoft Visual Studio Solution File, Format Version 12.00
# Visual Studio 15
VisualStudioVersion = 15.0.27130.0
MinimumVisualStudioVersion = 10.0.40219.1
Project("{FAE04EC0-301F-11D3-BF4B-00C04F79EFBC}") = "VsdConverterApp", "VsdConverterApp\VsdConverterApp.csproj", "{307F0E6A-DA64-471A-B98F-D7341C8F537A}"
EndProject
Global
	GlobalSection(SolutionConfigurationPlatforms) = preSolution
		Debug|Any CPU = Debug|Any CPU
		Release|Any CPU = Release|Any CPU
	EndGlobalSection
	GlobalSection(ProjectConfigurationPlatforms) = postSolution
		{307F0E6A-DA64-471A-B98F-D7341C8F537A}.Debug|Any CPU.ActiveCfg = Debug|Any CPU
		{307F0E6A-DA64-471A-B98F-D7341C8F537A}.Debug|Any CPU.Build.0 = Debug|Any CPU
		{307F0E6A-DA64-471A-B98F-D7341C8F537A}.Release|Any CPU.ActiveCfg = Release|Any CPU
		{307F0E6A-DA64-471A-B98F-D7341C8F537A}.Release|Any CPU.Build.0 = Release|Any CPU
	EndGlobalSection
	GlobalSection(SolutionProperties) = preSolution
		HideSolutionNode = FALSE
	EndGlobalSection
	GlobalSection(ExtensibilityGlobals) = postSolution
		SolutionGuid = {BF0E3702-FE1B-4FA1-8F98-0DC8BB024568}
	EndGlobalSection
EndGlobal
